{
  "name": "@extension/tailwindcss-config",
  "version": "0.3.3",
  "lockfileVersion": 3,
  "requires": true,
  "packages": {
    "": {
      "name": "@extension/tailwindcss-config",
      "version": "0.3.3",
      "dependencies": {
        "@extension/tailwindcss-config": "file:"
      }
    },
    "node_modules/@extension/tailwindcss-config": {
      "resolved": "",
      "link": true
    }
  }
}
